
Microsoft Visual Studio Solution File, Format Version 12.00
# Visual Studio Version 17
VisualStudioVersion = 17.8.34511.84
MinimumVisualStudioVersion = 10.0.40219.1
Project("{FAE04EC0-301F-11D3-BF4B-00C04F79EFBC}") = "Examination System", "Examination System\Examination System.csproj", "{80EAB8AE-9BDE-45EC-8FAB-1407F2E66427}"
EndProject
Global
	GlobalSection(SolutionConfigurationPlatforms) = preSolution
		Debug|Any CPU = Debug|Any CPU
		Release|Any CPU = Release|Any CPU
	EndGlobalSection
	GlobalSection(ProjectConfigurationPlatforms) = postSolution
		{80EAB8AE-9BDE-45EC-8FAB-1407F2E66427}.Debug|Any CPU.ActiveCfg = Debug|Any CPU
		{80EAB8AE-9BDE-45EC-8FAB-1407F2E66427}.Debug|Any CPU.Build.0 = Debug|Any CPU
		{80EAB8AE-9BDE-45EC-8FAB-1407F2E66427}.Release|Any CPU.ActiveCfg = Release|Any CPU
		{80EAB8AE-9BDE-45EC-8FAB-1407F2E66427}.Release|Any CPU.Build.0 = Release|Any CPU
	EndGlobalSection
	GlobalSection(SolutionProperties) = preSolution
		HideSolutionNode = FALSE
	EndGlobalSection
	GlobalSection(ExtensibilityGlobals) = postSolution
		SolutionGuid = {DEDDF9FC-D303-4175-B4FD-298E27FE8156}
	EndGlobalSection
EndGlobal
